
Microsoft Visual Studio Solution File, Format Version 12.00
# Visual Studio Version 16
VisualStudioVersion = 16.0.30717.126
MinimumVisualStudioVersion = 10.0.40219.1
Project("{FAE04EC0-301F-11D3-BF4B-00C04F79EFBC}") = "Lab3_wk4", "Lab3_wk4.csproj", "{3ADDFB6E-7EC5-47E9-9595-1F4AC861EDB8}"
EndProject
Global
	GlobalSection(SolutionConfigurationPlatforms) = preSolution
		Debug|Any CPU = Debug|Any CPU
		Release|Any CPU = Release|Any CPU
	EndGlobalSection
	GlobalSection(ProjectConfigurationPlatforms) = postSolution
		{3ADDFB6E-7EC5-47E9-9595-1F4AC861EDB8}.Debug|Any CPU.ActiveCfg = Debug|Any CPU
		{3ADDFB6E-7EC5-47E9-9595-1F4AC861EDB8}.Debug|Any CPU.Build.0 = Debug|Any CPU
		{3ADDFB6E-7EC5-47E9-9595-1F4AC861EDB8}.Release|Any CPU.ActiveCfg = Release|Any CPU
		{3ADDFB6E-7EC5-47E9-9595-1F4AC861EDB8}.Release|Any CPU.Build.0 = Release|Any CPU
	EndGlobalSection
	GlobalSection(SolutionProperties) = preSolution
		HideSolutionNode = FALSE
	EndGlobalSection
	GlobalSection(ExtensibilityGlobals) = postSolution
		SolutionGuid = {C7305E53-FB59-44A2-B1A6-AF3FD8C1D2DE}
	EndGlobalSection
EndGlobal
