
Microsoft Visual Studio Solution File, Format Version 12.00
# Visual Studio Version 16
VisualStudioVersion = 16.0.30717.126
MinimumVisualStudioVersion = 10.0.40219.1
Project("{FAE04EC0-301F-11D3-BF4B-00C04F79EFBC}") = "Assignment1_GBC_Sporting_Techinal_Support_Website", "Assignment1_GBC_Sporting_Techinal_Support_Website.csproj", "{15C2B0C4-3C6F-4BF1-8E65-B720EFD9E376}"
EndProject
Global
	GlobalSection(SolutionConfigurationPlatforms) = preSolution
		Debug|Any CPU = Debug|Any CPU
		Release|Any CPU = Release|Any CPU
	EndGlobalSection
	GlobalSection(ProjectConfigurationPlatforms) = postSolution
		{15C2B0C4-3C6F-4BF1-8E65-B720EFD9E376}.Debug|Any CPU.ActiveCfg = Debug|Any CPU
		{15C2B0C4-3C6F-4BF1-8E65-B720EFD9E376}.Debug|Any CPU.Build.0 = Debug|Any CPU
		{15C2B0C4-3C6F-4BF1-8E65-B720EFD9E376}.Release|Any CPU.ActiveCfg = Release|Any CPU
		{15C2B0C4-3C6F-4BF1-8E65-B720EFD9E376}.Release|Any CPU.Build.0 = Release|Any CPU
	EndGlobalSection
	GlobalSection(SolutionProperties) = preSolution
		HideSolutionNode = FALSE
	EndGlobalSection
	GlobalSection(ExtensibilityGlobals) = postSolution
		SolutionGuid = {18BB1230-5722-44D8-AC93-FBEBDF4F5D3A}
	EndGlobalSection
EndGlobal
